
Microsoft Visual Studio Solution File, Format Version 12.00
Project("{FAE04EC0-301F-11D3-BF4B-00C04F79EFBC}") = "aoc-2023", "aoc-2023\aoc-2023.csproj", "{691CD047-D2BF-428B-90E3-93A2C22151C1}"
EndProject
Global
	GlobalSection(SolutionConfigurationPlatforms) = preSolution
		Debug|Any CPU = Debug|Any CPU
		Release|Any CPU = Release|Any CPU
	EndGlobalSection
	GlobalSection(ProjectConfigurationPlatforms) = postSolution
		{691CD047-D2BF-428B-90E3-93A2C22151C1}.Debug|Any CPU.ActiveCfg = Debug|Any CPU
		{691CD047-D2BF-428B-90E3-93A2C22151C1}.Debug|Any CPU.Build.0 = Debug|Any CPU
		{691CD047-D2BF-428B-90E3-93A2C22151C1}.Release|Any CPU.ActiveCfg = Release|Any CPU
		{691CD047-D2BF-428B-90E3-93A2C22151C1}.Release|Any CPU.Build.0 = Release|Any CPU
	EndGlobalSection
EndGlobal
